
Microsoft Visual Studio Solution File, Format Version 12.00
# Visual Studio Version 17
VisualStudioVersion = 17.0.31903.59
MinimumVisualStudioVersion = 10.0.40219.1
Project("{FAE04EC0-301F-11D3-BF4B-00C04F79EFBC}") = "igraNaKarte", "igraNaKarte.csproj", "{44270142-A8AE-448C-B93B-EF62C506DB7F}"
EndProject
Global
	GlobalSection(SolutionConfigurationPlatforms) = preSolution
		Debug|Any CPU = Debug|Any CPU
		Release|Any CPU = Release|Any CPU
	EndGlobalSection
	GlobalSection(ProjectConfigurationPlatforms) = postSolution
		{44270142-A8AE-448C-B93B-EF62C506DB7F}.Debug|Any CPU.ActiveCfg = Debug|Any CPU
		{44270142-A8AE-448C-B93B-EF62C506DB7F}.Debug|Any CPU.Build.0 = Debug|Any CPU
		{44270142-A8AE-448C-B93B-EF62C506DB7F}.Release|Any CPU.ActiveCfg = Release|Any CPU
		{44270142-A8AE-448C-B93B-EF62C506DB7F}.Release|Any CPU.Build.0 = Release|Any CPU
	EndGlobalSection
	GlobalSection(SolutionProperties) = preSolution
		HideSolutionNode = FALSE
	EndGlobalSection
	GlobalSection(ExtensibilityGlobals) = postSolution
		SolutionGuid = {5F61DA30-77F2-47B2-B4DD-7CD569EACCED}
	EndGlobalSection
EndGlobal
